
Microsoft Visual Studio Solution File, Format Version 12.00
# Visual Studio Version 17
VisualStudioVersion = 17.3.32929.385
MinimumVisualStudioVersion = 10.0.40219.1
Project("{FAE04EC0-301F-11D3-BF4B-00C04F79EFBC}") = "ResharperWorkshop", "ResharperWorkshop\ResharperWorkshop.csproj", "{0D580615-66CC-4EE5-99B1-F00B07FF2A76}"
EndProject
Global
	GlobalSection(SolutionConfigurationPlatforms) = preSolution
		Debug|Any CPU = Debug|Any CPU
		Release|Any CPU = Release|Any CPU
	EndGlobalSection
	GlobalSection(ProjectConfigurationPlatforms) = postSolution
		{0D580615-66CC-4EE5-99B1-F00B07FF2A76}.Debug|Any CPU.ActiveCfg = Debug|Any CPU
		{0D580615-66CC-4EE5-99B1-F00B07FF2A76}.Debug|Any CPU.Build.0 = Debug|Any CPU
		{0D580615-66CC-4EE5-99B1-F00B07FF2A76}.Release|Any CPU.ActiveCfg = Release|Any CPU
		{0D580615-66CC-4EE5-99B1-F00B07FF2A76}.Release|Any CPU.Build.0 = Release|Any CPU
	EndGlobalSection
	GlobalSection(SolutionProperties) = preSolution
		HideSolutionNode = FALSE
	EndGlobalSection
	GlobalSection(ExtensibilityGlobals) = postSolution
		SolutionGuid = {D72CA333-9314-4A95-B833-0D1EC3A60421}
	EndGlobalSection
EndGlobal
